
Microsoft Visual Studio Solution File, Format Version 12.00
# Visual Studio Version 17
VisualStudioVersion = 17.1.32414.318
MinimumVisualStudioVersion = 10.0.40219.1
Project("{FAE04EC0-301F-11D3-BF4B-00C04F79EFBC}") = "connguoi", "connguoi\connguoi.csproj", "{0D74DB94-5C69-408C-9E14-FA4E9537B17B}"
EndProject
Global
	GlobalSection(SolutionConfigurationPlatforms) = preSolution
		Debug|Any CPU = Debug|Any CPU
		Release|Any CPU = Release|Any CPU
	EndGlobalSection
	GlobalSection(ProjectConfigurationPlatforms) = postSolution
		{0D74DB94-5C69-408C-9E14-FA4E9537B17B}.Debug|Any CPU.ActiveCfg = Debug|Any CPU
		{0D74DB94-5C69-408C-9E14-FA4E9537B17B}.Debug|Any CPU.Build.0 = Debug|Any CPU
		{0D74DB94-5C69-408C-9E14-FA4E9537B17B}.Release|Any CPU.ActiveCfg = Release|Any CPU
		{0D74DB94-5C69-408C-9E14-FA4E9537B17B}.Release|Any CPU.Build.0 = Release|Any CPU
	EndGlobalSection
	GlobalSection(SolutionProperties) = preSolution
		HideSolutionNode = FALSE
	EndGlobalSection
	GlobalSection(ExtensibilityGlobals) = postSolution
		SolutionGuid = {80FCF00B-24F6-4B4C-B392-59CBBBFD5A78}
	EndGlobalSection
EndGlobal
