
Microsoft Visual Studio Solution File, Format Version 12.00
# Visual Studio Version 17
VisualStudioVersion = 17.1.32414.318
MinimumVisualStudioVersion = 10.0.40219.1
Project("{FAE04EC0-301F-11D3-BF4B-00C04F79EFBC}") = "baitapcoban", "baitapcoban\baitapcoban.csproj", "{DD4DF93E-173F-4AD4-8953-8CB142E89778}"
EndProject
Global
	GlobalSection(SolutionConfigurationPlatforms) = preSolution
		Debug|Any CPU = Debug|Any CPU
		Release|Any CPU = Release|Any CPU
	EndGlobalSection
	GlobalSection(ProjectConfigurationPlatforms) = postSolution
		{DD4DF93E-173F-4AD4-8953-8CB142E89778}.Debug|Any CPU.ActiveCfg = Debug|Any CPU
		{DD4DF93E-173F-4AD4-8953-8CB142E89778}.Debug|Any CPU.Build.0 = Debug|Any CPU
		{DD4DF93E-173F-4AD4-8953-8CB142E89778}.Release|Any CPU.ActiveCfg = Release|Any CPU
		{DD4DF93E-173F-4AD4-8953-8CB142E89778}.Release|Any CPU.Build.0 = Release|Any CPU
	EndGlobalSection
	GlobalSection(SolutionProperties) = preSolution
		HideSolutionNode = FALSE
	EndGlobalSection
	GlobalSection(ExtensibilityGlobals) = postSolution
		SolutionGuid = {C10819A9-923A-4AAF-BB98-7BEBB7164F9A}
	EndGlobalSection
EndGlobal
